// !$*UTF8*$!
{
	archiveVersion = 1;
	classes = {
	};
	objectVersion = 46;
	objects = {

/* Begin PBXBuildFile section */
		156CBC50D6A94DF3663FB785 /* Pods_Social_Media.framework in Frameworks */ = {isa = PBXBuildFile; fileRef = C7A1B980FBF6277652A6EFEB /* Pods_Social_Media.framework */; };
		BE6066561F89D96D003160A8 /* FancyView.swift in Sources */ = {isa = PBXBuildFile; fileRef = BE6066551F89D96D003160A8 /* FancyView.swift */; };
		BE6066591F89DA42003160A8 /* Constants.swift in Sources */ = {isa = PBXBuildFile; fileRef = BE6066581F89DA42003160A8 /* Constants.swift */; };
		BE60665B1F89DBD2003160A8 /* RoundBtn.swift in Sources */ = {isa = PBXBuildFile; fileRef = BE60665A1F89DBD2003160A8 /* RoundBtn.swift */; };
		BEA8BA951F871C2A0031191A /* AppDelegate.swift in Sources */ = {isa = PBXBuildFile; fileRef = BEA8BA941F871C2A0031191A /* AppDelegate.swift */; };
		BEA8BA971F871C2A0031191A /* SignVC.swift in Sources */ = {isa = PBXBuildFile; fileRef = BEA8BA961F871C2A0031191A /* SignVC.swift */; };
		BEA8BA9A1F871C2A0031191A /* Main.storyboard in Resources */ = {isa = PBXBuildFile; fileRef = BEA8BA981F871C2A0031191A /* Main.storyboard */; };
		BEA8BA9C1F871C2A0031191A /* Assets.xcassets in Resources */ = {isa = PBXBuildFile; fileRef = BEA8BA9B1F871C2A0031191A /* Assets.xcassets */; };
		BEA8BA9F1F871C2A0031191A /* LaunchScreen.storyboard in Resources */ = {isa = PBXBuildFile; fileRef = BEA8BA9D1F871C2A0031191A /* LaunchScreen.storyboard */; };
		BEA8BAA71F871CDB0031191A /* GoogleService-Info.plist in Resources */ = {isa = PBXBuildFile; fileRef = BEA8BAA61F871CDB0031191A /* GoogleService-Info.plist */; };
		BEC114A71F92CA570059E87F /* FeedVC.swift in Sources */ = {isa = PBXBuildFile; fileRef = BEC114A61F92CA570059E87F /* FeedVC.swift */; };
		BEEF8A761F8EA98100E25007 /* FancyField.swift in Sources */ = {isa = PBXBuildFile; fileRef = BEEF8A751F8EA98100E25007 /* FancyField.swift */; };
		BEEF8A781F8EAAB000E25007 /* FancyBtn.swift in Sources */ = {isa = PBXBuildFile; fileRef = BEEF8A771F8EAAB000E25007 /* FancyBtn.swift */; };
/* End PBXBuildFile section */

/* Begin PBXFileReference section */
		BE6066551F89D96D003160A8 /* FancyView.swift */ = {isa = PBXFileReference; fileEncoding = 4; lastKnownFileType = sourcecode.swift; path = FancyView.swift; sourceTree = "<group>"; };
		BE6066581F89DA42003160A8 /* Constants.swift */ = {isa = PBXFileReference; fileEncoding = 4; lastKnownFileType = sourcecode.swift; path = Constants.swift; sourceTree = "<group>"; };
		BE60665A1F89DBD2003160A8 /* RoundBtn.swift */ = {isa = PBXFileReference; fileEncoding = 4; lastKnownFileType = sourcecode.swift; path = RoundBtn.swift; sourceTree = "<group>"; };
		BEA8BA911F871C2A0031191A /* Social Media.app */ = {isa = PBXFileReference; explicitFileType = wrapper.application; includeInIndex = 0; path = "Social Media.app"; sourceTree = BUILT_PRODUCTS_DIR; };
		BEA8BA941F871C2A0031191A /* AppDelegate.swift */ = {isa = PBXFileReference; lastKnownFileType = sourcecode.swift; path = AppDelegate.swift; sourceTree = "<group>"; };
		BEA8BA961F871C2A0031191A /* SignVC.swift */ = {isa = PBXFileReference; lastKnownFileType = sourcecode.swift; path = SignVC.swift; sourceTree = "<group>"; };
		BEA8BA991F871C2A0031191A /* Base */ = {isa = PBXFileReference; lastKnownFileType = file.storyboard; name = Base; path = Base.lproj/Main.storyboard; sourceTree = "<group>"; };
		BEA8BA9B1F871C2A0031191A /* Assets.xcassets */ = {isa = PBXFileReference; lastKnownFileType = folder.assetcatalog; path = Assets.xcassets; sourceTree = "<group>"; };
		BEA8BA9E1F871C2A0031191A /* Base */ = {isa = PBXFileReference; lastKnownFileType = file.storyboard; name = Base; path = Base.lproj/LaunchScreen.storyboard; sourceTree = "<group>"; };
		BEA8BAA01F871C2A0031191A /* Info.plist */ = {isa = PBXFileReference; lastKnownFileType = text.plist.xml; path = Info.plist; sourceTree = "<group>"; };
		BEA8BAA61F871CDB0031191A /* GoogleService-Info.plist */ = {isa = PBXFileReference; fileEncoding = 4; lastKnownFileType = text.plist.xml; path = "GoogleService-Info.plist"; sourceTree = "<group>"; };
		BEC114A61F92CA570059E87F /* FeedVC.swift */ = {isa = PBXFileReference; fileEncoding = 4; lastKnownFileType = sourcecode.swift; path = FeedVC.swift; sourceTree = "<group>"; };
		BEEF8A751F8EA98100E25007 /* FancyField.swift */ = {isa = PBXFileReference; fileEncoding = 4; lastKnownFileType = sourcecode.swift; path = FancyField.swift; sourceTree = "<group>"; };
		BEEF8A771F8EAAB000E25007 /* FancyBtn.swift */ = {isa = PBXFileReference; fileEncoding = 4; lastKnownFileType = sourcecode.swift; path = FancyBtn.swift; sourceTree = "<group>"; };
		BFDB1CCCB8B96D94F3936604 /* Pods-Social Media.debug.xcconfig */ = {isa = PBXFileReference; includeInIndex = 1; lastKnownFileType = text.xcconfig; name = "Pods-Social Media.debug.xcconfig"; path = "Pods/Target Support Files/Pods-Social Media/Pods-Social Media.debug.xcconfig"; sourceTree = "<group>"; };
		C7A1B980FBF6277652A6EFEB /* Pods_Social_Media.framework */ = {isa = PBXFileReference; explicitFileType = wrapper.framework; includeInIndex = 0; path = Pods_Social_Media.framework; sourceTree = BUILT_PRODUCTS_DIR; };
		F5468AA6E7AF1AF828E87119 /* Pods-Social Media.release.xcconfig */ = {isa = PBXFileReference; includeInIndex = 1; lastKnownFileType = text.xcconfig; name = "Pods-Social Media.release.xcconfig"; path = "Pods/Target Support Files/Pods-Social Media/Pods-Social Media.release.xcconfig"; sourceTree = "<group>"; };
/* End PBXFileReference section */

/* Begin PBXFrameworksBuildPhase section */
		BEA8BA8E1F871C280031191A /* Frameworks */ = {
			isa = PBXFrameworksBuildPhase;
			buildActionMask = 2147483647;
			files = (
				156CBC50D6A94DF3663FB785 /* Pods_Social_Media.framework in Frameworks */,
			);
			runOnlyForDeploymentPostprocessing = 0;
		};
/* End PBXFrameworksBuildPhase section */

/* Begin PBXGroup section */
		52A80D1C88EAC9A3FBCCDEB5 /* Pods */ = {
			isa = PBXGroup;
			children = (
				BFDB1CCCB8B96D94F3936604 /* Pods-Social Media.debug.xcconfig */,
				F5468AA6E7AF1AF828E87119 /* Pods-Social Media.release.xcconfig */,
			);
			name = Pods;
			sourceTree = "<group>";
		};
		94E67EEC7F014B5D97498376 /* Frameworks */ = {
			isa = PBXGroup;
			children = (
				C7A1B980FBF6277652A6EFEB /* Pods_Social_Media.framework */,
			);
			name = Frameworks;
			sourceTree = "<group>";
		};
		BE6066571F89DA2B003160A8 /* Util */ = {
			isa = PBXGroup;
			children = (
				BE6066581F89DA42003160A8 /* Constants.swift */,
			);
			name = Util;
			sourceTree = "<group>";
		};
		BEA8BA881F871C280031191A = {
			isa = PBXGroup;
			children = (
				BEA8BA931F871C2A0031191A /* Social Media */,
				BEA8BA921F871C2A0031191A /* Products */,
				52A80D1C88EAC9A3FBCCDEB5 /* Pods */,
				94E67EEC7F014B5D97498376 /* Frameworks */,
			);
			sourceTree = "<group>";
		};
		BEA8BA921F871C2A0031191A /* Products */ = {
			isa = PBXGroup;
			children = (
				BEA8BA911F871C2A0031191A /* Social Media.app */,
			);
			name = Products;
			sourceTree = "<group>";
		};
		BEA8BA931F871C2A0031191A /* Social Media */ = {
			isa = PBXGroup;
			children = (
				BE6066571F89DA2B003160A8 /* Util */,
				BEA8BAAA1F8720FC0031191A /* Controller */,
				BEA8BAA91F8720F40031191A /* View */,
				BEA8BAA81F8720E90031191A /* Model */,
				BEA8BA941F871C2A0031191A /* AppDelegate.swift */,
				BEA8BA981F871C2A0031191A /* Main.storyboard */,
				BEA8BA9B1F871C2A0031191A /* Assets.xcassets */,
				BEA8BA9D1F871C2A0031191A /* LaunchScreen.storyboard */,
				BEA8BAA01F871C2A0031191A /* Info.plist */,
				BEA8BAA61F871CDB0031191A /* GoogleService-Info.plist */,
			);
			path = "Social Media";
			sourceTree = "<group>";
		};
		BEA8BAA81F8720E90031191A /* Model */ = {
			isa = PBXGroup;
			children = (
			);
			name = Model;
			sourceTree = "<group>";
		};
		BEA8BAA91F8720F40031191A /* View */ = {
			isa = PBXGroup;
			children = (
				BE6066551F89D96D003160A8 /* FancyView.swift */,
				BE60665A1F89DBD2003160A8 /* RoundBtn.swift */,
				BEEF8A751F8EA98100E25007 /* FancyField.swift */,
				BEEF8A771F8EAAB000E25007 /* FancyBtn.swift */,
			);
			name = View;
			sourceTree = "<group>";
		};
		BEA8BAAA1F8720FC0031191A /* Controller */ = {
			isa = PBXGroup;
			children = (
				BEA8BA961F871C2A0031191A /* SignVC.swift */,
				BEC114A61F92CA570059E87F /* FeedVC.swift */,
			);
			name = Controller;
			sourceTree = "<group>";
		};
/* End PBXGroup section */

/* Begin PBXNativeTarget section */
		BEA8BA901F871C280031191A /* Social Media */ = {
			isa = PBXNativeTarget;
			buildConfigurationList = BEA8BAA31F871C2A0031191A /* Build configuration list for PBXNativeTarget "Social Media" */;
			buildPhases = (
				6133282E00A0B67CF0111209 /* [CP] Check Pods Manifest.lock */,
				BEA8BA8D1F871C280031191A /* Sources */,
				BEA8BA8E1F871C280031191A /* Frameworks */,
				BEA8BA8F1F871C280031191A /* Resources */,
				6DABF48E4AD1BE7D2F92C48A /* [CP] Embed Pods Frameworks */,
				BBAF3AC2713E4C1D82CAAFF3 /* [CP] Copy Pods Resources */,
			);
			buildRules = (
			);
			dependencies = (
			);
			name = "Social Media";
			productName = "Social Media";
			productReference = BEA8BA911F871C2A0031191A /* Social Media.app */;
			productType = "com.apple.product-type.application";
		};
/* End PBXNativeTarget section */

/* Begin PBXProject section */
		BEA8BA891F871C280031191A /* Project object */ = {
			isa = PBXProject;
			attributes = {
				LastSwiftUpdateCheck = 0820;
				LastUpgradeCheck = 0820;
				ORGANIZATIONNAME = "Geovanny Galeano";
				TargetAttributes = {
					BEA8BA901F871C280031191A = {
						CreatedOnToolsVersion = 8.2.1;
						DevelopmentTeam = JRZ6H493QF;
						ProvisioningStyle = Automatic;
					};
				};
			};
			buildConfigurationList = BEA8BA8C1F871C280031191A /* Build configuration list for PBXProject "Social Media" */;
			compatibilityVersion = "Xcode 3.2";
			developmentRegion = English;
			hasScannedForEncodings = 0;
			knownRegions = (
				en,
				Base,
			);
			mainGroup = BEA8BA881F871C280031191A;
			productRefGroup = BEA8BA921F871C2A0031191A /* Products */;
			projectDirPath = "";
			projectRoot = "";
			targets = (
				BEA8BA901F871C280031191A /* Social Media */,
			);
		};
/* End PBXProject section */

/* Begin PBXResourcesBuildPhase section */
		BEA8BA8F1F871C280031191A /* Resources */ = {
			isa = PBXResourcesBuildPhase;
			buildActionMask = 2147483647;
			files = (
				BEA8BA9F1F871C2A0031191A /* LaunchScreen.storyboard in Resources */,
				BEA8BA9C1F871C2A0031191A /* Assets.xcassets in Resources */,
				BEA8BAA71F871CDB0031191A /* GoogleService-Info.plist in Resources */,
				BEA8BA9A1F871C2A0031191A /* Main.storyboard in Resources */,
			);
			runOnlyForDeploymentPostprocessing = 0;
		};
/* End PBXResourcesBuildPhase section */

/* Begin PBXShellScriptBuildPhase section */
		6133282E00A0B67CF0111209 /* [CP] Check Pods Manifest.lock */ = {
			isa = PBXShellScriptBuildPhase;
			buildActionMask = 2147483647;
			files = (
			);
			inputPaths = (
			);
			name = "[CP] Check Pods Manifest.lock";
			outputPaths = (
			);
			runOnlyForDeploymentPostprocessing = 0;
			shellPath = /bin/sh;
			shellScript = "diff \"${PODS_ROOT}/../Podfile.lock\" \"${PODS_ROOT}/Manifest.lock\" > /dev/null\nif [ $? != 0 ] ; then\n    # print error to STDERR\n    echo \"error: The sandbox is not in sync with the Podfile.lock. Run 'pod install' or update your CocoaPods installation.\" >&2\n    exit 1\nfi\n";
			showEnvVarsInLog = 0;
		};
		6DABF48E4AD1BE7D2F92C48A /* [CP] Embed Pods Frameworks */ = {
			isa = PBXShellScriptBuildPhase;
			buildActionMask = 2147483647;
			files = (
			);
			inputPaths = (
			);
			name = "[CP] Embed Pods Frameworks";
			outputPaths = (
			);
			runOnlyForDeploymentPostprocessing = 0;
			shellPath = /bin/sh;
			shellScript = "\"${SRCROOT}/Pods/Target Support Files/Pods-Social Media/Pods-Social Media-frameworks.sh\"\n";
			showEnvVarsInLog = 0;
		};
		BBAF3AC2713E4C1D82CAAFF3 /* [CP] Copy Pods Resources */ = {
			isa = PBXShellScriptBuildPhase;
			buildActionMask = 2147483647;
			files = (
			);
			inputPaths = (
			);
			name = "[CP] Copy Pods Resources";
			outputPaths = (
			);
			runOnlyForDeploymentPostprocessing = 0;
			shellPath = /bin/sh;
			shellScript = "\"${SRCROOT}/Pods/Target Support Files/Pods-Social Media/Pods-Social Media-resources.sh\"\n";
			showEnvVarsInLog = 0;
		};
/* End PBXShellScriptBuildPhase section */

/* Begin PBXSourcesBuildPhase section */
		BEA8BA8D1F871C280031191A /* Sources */ = {
			isa = PBXSourcesBuildPhase;
			buildActionMask = 2147483647;
			files = (
				BEEF8A761F8EA98100E25007 /* FancyField.swift in Sources */,
				BEA8BA971F871C2A0031191A /* SignVC.swift in Sources */,
				BE60665B1F89DBD2003160A8 /* RoundBtn.swift in Sources */,
				BEA8BA951F871C2A0031191A /* AppDelegate.swift in Sources */,
				BEC114A71F92CA570059E87F /* FeedVC.swift in Sources */,
				BE6066561F89D96D003160A8 /* FancyView.swift in Sources */,
				BE6066591F89DA42003160A8 /* Constants.swift in Sources */,
				BEEF8A781F8EAAB000E25007 /* FancyBtn.swift in Sources */,
			);
			runOnlyForDeploymentPostprocessing = 0;
		};
/* End PBXSourcesBuildPhase section */

/* Begin PBXVariantGroup section */
		BEA8BA981F871C2A0031191A /* Main.storyboard */ = {
			isa = PBXVariantGroup;
			children = (
				BEA8BA991F871C2A0031191A /* Base */,
			);
			name = Main.storyboard;
			sourceTree = "<group>";
		};
		BEA8BA9D1F871C2A0031191A /* LaunchScreen.storyboard */ = {
			isa = PBXVariantGroup;
			children = (
				BEA8BA9E1F871C2A0031191A /* Base */,
			);
			name = LaunchScreen.storyboard;
			sourceTree = "<group>";
		};
/* End PBXVariantGroup section */

/* Begin XCBuildConfiguration section */
		BEA8BAA11F871C2A0031191A /* Debug */ = {
			isa = XCBuildConfiguration;
			buildSettings = {
				ALWAYS_SEARCH_USER_PATHS = NO;
				CLANG_ANALYZER_NONNULL = YES;
				CLANG_CXX_LANGUAGE_STANDARD = "gnu++0x";
				CLANG_CXX_LIBRARY = "libc++";
				CLANG_ENABLE_MODULES = YES;
				CLANG_ENABLE_OBJC_ARC = YES;
				CLANG_WARN_BOOL_CONVERSION = YES;
				CLANG_WARN_CONSTANT_CONVERSION = YES;
				CLANG_WARN_DIRECT_OBJC_ISA_USAGE = YES_ERROR;
				CLANG_WARN_DOCUMENTATION_COMMENTS = YES;
				CLANG_WARN_EMPTY_BODY = YES;
				CLANG_WARN_ENUM_CONVERSION = YES;
				CLANG_WARN_INFINITE_RECURSION = YES;
				CLANG_WARN_INT_CONVERSION = YES;
				CLANG_WARN_OBJC_ROOT_CLASS = YES_ERROR;
				CLANG_WARN_SUSPICIOUS_MOVE = YES;
				CLANG_WARN_UNREACHABLE_CODE = YES;
				CLANG_WARN__DUPLICATE_METHOD_MATCH = YES;
				"CODE_SIGN_IDENTITY[sdk=iphoneos*]" = "iPhone Developer";
				COPY_PHASE_STRIP = NO;
				DEBUG_INFORMATION_FORMAT = dwarf;
				ENABLE_STRICT_OBJC_MSGSEND = YES;
				ENABLE_TESTABILITY = YES;
				GCC_C_LANGUAGE_STANDARD = gnu99;
				GCC_DYNAMIC_NO_PIC = NO;
				GCC_NO_COMMON_BLOCKS = YES;
				GCC_OPTIMIZATION_LEVEL = 0;
				GCC_PREPROCESSOR_DEFINITIONS = (
					"DEBUG=1",
					"$(inherited)",
				);
				GCC_WARN_64_TO_32_BIT_CONVERSION = YES;
				GCC_WARN_ABOUT_RETURN_TYPE = YES_ERROR;
				GCC_WARN_UNDECLARED_SELECTOR = YES;
				GCC_WARN_UNINITIALIZED_AUTOS = YES_AGGRESSIVE;
				GCC_WARN_UNUSED_FUNCTION = YES;
				GCC_WARN_UNUSED_VARIABLE = YES;
				IPHONEOS_DEPLOYMENT_TARGET = 10.2;
				MTL_ENABLE_DEBUG_INFO = YES;
				ONLY_ACTIVE_ARCH = YES;
				SDKROOT = iphoneos;
				SWIFT_ACTIVE_COMPILATION_CONDITIONS = DEBUG;
				SWIFT_OPTIMIZATION_LEVEL = "-Onone";
			};
			name = Debug;
		};
		BEA8BAA21F871C2A0031191A /* Release */ = {
			isa = XCBuildConfiguration;
			buildSettings = {
				ALWAYS_SEARCH_USER_PATHS = NO;
				CLANG_ANALYZER_NONNULL = YES;
				CLANG_CXX_LANGUAGE_STANDARD = "gnu++0x";
				CLANG_CXX_LIBRARY = "libc++";
				CLANG_ENABLE_MODULES = YES;
				CLANG_ENABLE_OBJC_ARC = YES;
				CLANG_WARN_BOOL_CONVERSION = YES;
				CLANG_WARN_CONSTANT_CONVERSION = YES;
				CLANG_WARN_DIRECT_OBJC_ISA_USAGE = YES_ERROR;
				CLANG_WARN_DOCUMENTATION_COMMENTS = YES;
				CLANG_WARN_EMPTY_BODY = YES;
				CLANG_WARN_ENUM_CONVERSION = YES;
				CLANG_WARN_INFINITE_RECURSION = YES;
				CLANG_WARN_INT_CONVERSION = YES;
				CLANG_WARN_OBJC_ROOT_CLASS = YES_ERROR;
				CLANG_WARN_SUSPICIOUS_MOVE = YES;
				CLANG_WARN_UNREACHABLE_CODE = YES;
				CLANG_WARN__DUPLICATE_METHOD_MATCH = YES;
				"CODE_SIGN_IDENTITY[sdk=iphoneos*]" = "iPhone Developer";
				COPY_PHASE_STRIP = NO;
				DEBUG_INFORMATION_FORMAT = "dwarf-with-dsym";
				ENABLE_NS_ASSERTIONS = NO;
				ENABLE_STRICT_OBJC_MSGSEND = YES;
				GCC_C_LANGUAGE_STANDARD = gnu99;
				GCC_NO_COMMON_BLOCKS = YES;
				GCC_WARN_64_TO_32_BIT_CONVERSION = YES;
				GCC_WARN_ABOUT_RETURN_TYPE = YES_ERROR;
				GCC_WARN_UNDECLARED_SELECTOR = YES;
				GCC_WARN_UNINITIALIZED_AUTOS = YES_AGGRESSIVE;
				GCC_WARN_UNUSED_FUNCTION = YES;
				GCC_WARN_UNUSED_VARIABLE = YES;
				IPHONEOS_DEPLOYMENT_TARGET = 10.2;
				MTL_ENABLE_DEBUG_INFO = NO;
				SDKROOT = iphoneos;
				SWIFT_OPTIMIZATION_LEVEL = "-Owholemodule";
				VALIDATE_PRODUCT = YES;
			};
			name = Release;
		};
		BEA8BAA41F871C2A0031191A /* Debug */ = {
			isa = XCBuildConfiguration;
			baseConfigurationReference = BFDB1CCCB8B96D94F3936604 /* Pods-Social Media.debug.xcconfig */;
			buildSettings = {
				ASSETCATALOG_COMPILER_APPICON_NAME = AppIcon;
				DEVELOPMENT_TEAM = JRZ6H493QF;
				INFOPLIST_FILE = "Social Media/Info.plist";
				LD_RUNPATH_SEARCH_PATHS = "$(inherited) @executable_path/Frameworks";
				PRODUCT_BUNDLE_IDENTIFIER = "com.geovannygaleano.Social-Media";
				PRODUCT_NAME = "$(TARGET_NAME)";
				SWIFT_VERSION = 3.0;
			};
			name = Debug;
		};
		BEA8BAA51F871C2A0031191A /* Release */ = {
			isa = XCBuildConfiguration;
			baseConfigurationReference = F5468AA6E7AF1AF828E87119 /* Pods-Social Media.release.xcconfig */;
			buildSettings = {
				ASSETCATALOG_COMPILER_APPICON_NAME = AppIcon;
				DEVELOPMENT_TEAM = JRZ6H493QF;
				INFOPLIST_FILE = "Social Media/Info.plist";
				LD_RUNPATH_SEARCH_PATHS = "$(inherited) @executable_path/Frameworks";
				PRODUCT_BUNDLE_IDENTIFIER = "com.geovannygaleano.Social-Media";
				PRODUCT_NAME = "$(TARGET_NAME)";
				SWIFT_VERSION = 3.0;
			};
			name = Release;
		};
/* End XCBuildConfiguration section */

/* Begin XCConfigurationList section */
		BEA8BA8C1F871C280031191A /* Build configuration list for PBXProject "Social Media" */ = {
			isa = XCConfigurationList;
			buildConfigurations = (
				BEA8BAA11F871C2A0031191A /* Debug */,
				BEA8BAA21F871C2A0031191A /* Release */,
			);
			defaultConfigurationIsVisible = 0;
			defaultConfigurationName = Release;
		};
		BEA8BAA31F871C2A0031191A /* Build configuration list for PBXNativeTarget "Social Media" */ = {
			isa = XCConfigurationList;
			buildConfigurations = (
				BEA8BAA41F871C2A0031191A /* Debug */,
				BEA8BAA51F871C2A0031191A /* Release */,
			);
			defaultConfigurationIsVisible = 0;
			defaultConfigurationName = Release;
		};
/* End XCConfigurationList section */
	};
	rootObject = BEA8BA891F871C280031191A /* Project object */;
}
